
Microsoft Visual Studio Solution File, Format Version 12.00
# Visual Studio Version 17
VisualStudioVersion = 17.8.34525.116
MinimumVisualStudioVersion = 10.0.40219.1
Project("{FAE04EC0-301F-11D3-BF4B-00C04F79EFBC}") = "SpicyLand", "SpicyLand\SpicyLand.csproj", "{80F0908C-9E4A-4AF5-9A2E-4AE8B64D4059}"
EndProject
Global
	GlobalSection(SolutionConfigurationPlatforms) = preSolution
		Debug|Any CPU = Debug|Any CPU
		Release|Any CPU = Release|Any CPU
	EndGlobalSection
	GlobalSection(ProjectConfigurationPlatforms) = postSolution
		{80F0908C-9E4A-4AF5-9A2E-4AE8B64D4059}.Debug|Any CPU.ActiveCfg = Debug|Any CPU
		{80F0908C-9E4A-4AF5-9A2E-4AE8B64D4059}.Debug|Any CPU.Build.0 = Debug|Any CPU
		{80F0908C-9E4A-4AF5-9A2E-4AE8B64D4059}.Release|Any CPU.ActiveCfg = Release|Any CPU
		{80F0908C-9E4A-4AF5-9A2E-4AE8B64D4059}.Release|Any CPU.Build.0 = Release|Any CPU
	EndGlobalSection
	GlobalSection(SolutionProperties) = preSolution
		HideSolutionNode = FALSE
	EndGlobalSection
	GlobalSection(ExtensibilityGlobals) = postSolution
		SolutionGuid = {F9A2F856-956C-44F6-A083-5A3F290C4DAC}
	EndGlobalSection
EndGlobal
